
Microsoft Visual Studio Solution File, Format Version 12.00
# Visual Studio Version 17
VisualStudioVersion = 17.0.32112.339
MinimumVisualStudioVersion = 10.0.40219.1
Project("{FAE04EC0-301F-11D3-BF4B-00C04F79EFBC}") = "EmpWage", "EmpWage\EmpWage.csproj", "{D1083C2F-C619-41BB-B848-69C2580CDCC6}"
EndProject
Global
	GlobalSection(SolutionConfigurationPlatforms) = preSolution
		Debug|Any CPU = Debug|Any CPU
		Release|Any CPU = Release|Any CPU
	EndGlobalSection
	GlobalSection(ProjectConfigurationPlatforms) = postSolution
		{D1083C2F-C619-41BB-B848-69C2580CDCC6}.Debug|Any CPU.ActiveCfg = Debug|Any CPU
		{D1083C2F-C619-41BB-B848-69C2580CDCC6}.Debug|Any CPU.Build.0 = Debug|Any CPU
		{D1083C2F-C619-41BB-B848-69C2580CDCC6}.Release|Any CPU.ActiveCfg = Release|Any CPU
		{D1083C2F-C619-41BB-B848-69C2580CDCC6}.Release|Any CPU.Build.0 = Release|Any CPU
	EndGlobalSection
	GlobalSection(SolutionProperties) = preSolution
		HideSolutionNode = FALSE
	EndGlobalSection
	GlobalSection(ExtensibilityGlobals) = postSolution
		SolutionGuid = {9720C27A-691D-4236-92B2-6BF2FE6AD0D6}
	EndGlobalSection
EndGlobal
